
Microsoft Visual Studio Solution File, Format Version 12.00
# Visual Studio Version 17
VisualStudioVersion = 17.4.33122.133
MinimumVisualStudioVersion = 10.0.40219.1
Project("{FAE04EC0-301F-11D3-BF4B-00C04F79EFBC}") = "Mark", "Mark\Mark.csproj", "{D2524E62-73EC-47B6-BB7E-97249AFE352C}"
EndProject
Global
	GlobalSection(SolutionConfigurationPlatforms) = preSolution
		Debug|Any CPU = Debug|Any CPU
		Release|Any CPU = Release|Any CPU
	EndGlobalSection
	GlobalSection(ProjectConfigurationPlatforms) = postSolution
		{D2524E62-73EC-47B6-BB7E-97249AFE352C}.Debug|Any CPU.ActiveCfg = Debug|Any CPU
		{D2524E62-73EC-47B6-BB7E-97249AFE352C}.Debug|Any CPU.Build.0 = Debug|Any CPU
		{D2524E62-73EC-47B6-BB7E-97249AFE352C}.Release|Any CPU.ActiveCfg = Release|Any CPU
		{D2524E62-73EC-47B6-BB7E-97249AFE352C}.Release|Any CPU.Build.0 = Release|Any CPU
	EndGlobalSection
	GlobalSection(SolutionProperties) = preSolution
		HideSolutionNode = FALSE
	EndGlobalSection
	GlobalSection(ExtensibilityGlobals) = postSolution
		SolutionGuid = {56D305BF-9A0C-4CEF-A2C9-09CC73D6CCD3}
	EndGlobalSection
EndGlobal
